Microsoft Visual Studio Solution File, Format Version 12.00
# Visual Studio Version 17
VisualStudioVersion = 17.5.2.0
MinimumVisualStudioVersion = 10.0.40219.1
Project("{FAE04EC0-301F-11D3-BF4B-00C04F79EFBC}") = "console-test-app", "console-test-app.csproj", "{78522565-F115-0639-EC8F-8CBD4E4CEEFC}"
EndProject
Global
	GlobalSection(SolutionConfigurationPlatforms) = preSolution
		Debug|Any CPU = Debug|Any CPU
		Release|Any CPU = Release|Any CPU
	EndGlobalSection
	GlobalSection(ProjectConfigurationPlatforms) = postSolution
		{78522565-F115-0639-EC8F-8CBD4E4CEEFC}.Debug|Any CPU.ActiveCfg = Debug|Any CPU
		{78522565-F115-0639-EC8F-8CBD4E4CEEFC}.Debug|Any CPU.Build.0 = Debug|Any CPU
		{78522565-F115-0639-EC8F-8CBD4E4CEEFC}.Release|Any CPU.ActiveCfg = Release|Any CPU
		{78522565-F115-0639-EC8F-8CBD4E4CEEFC}.Release|Any CPU.Build.0 = Release|Any CPU
	EndGlobalSection
	GlobalSection(SolutionProperties) = preSolution
		HideSolutionNode = FALSE
	EndGlobalSection
	GlobalSection(ExtensibilityGlobals) = postSolution
		SolutionGuid = {33F5EDCE-14E5-438E-847E-E646126A58F2}
	EndGlobalSection
EndGlobal
